
Microsoft Visual Studio Solution File, Format Version 12.00
# Visual Studio Version 16
VisualStudioVersion = 16.0.28531.58
MinimumVisualStudioVersion = 10.0.40219.1
Project("{9A19103F-16F7-4668-BE54-9A1E7A4F7556}") = "LetsEncrypt", "LetsEncrypt\LetsEncrypt.csproj", "{4A966B48-5578-486C-B485-A6D2AC75CF83}"
EndProject
Project("{2150E333-8FDC-42A3-9474-1A3956D46DE8}") = "Samples", "Samples", "{BA728EE5-5B69-4FC1-A5A7-3FFB7DF72B8D}"
EndProject
Project("{FAE04EC0-301F-11D3-BF4B-00C04F79EFBC}") = "BasicSample", "BasicSample\BasicSample.csproj", "{D8DE94BF-8135-4A21-BE4F-AA41EEABA0DA}"
EndProject
Project("{FAE04EC0-301F-11D3-BF4B-00C04F79EFBC}") = "ProxyKitSample", "ProxyKitSample\ProxyKitSample.csproj", "{27AD9C79-067B-419A-B483-F44A68FA8B06}"
EndProject
Global
	GlobalSection(SolutionConfigurationPlatforms) = preSolution
		Debug|Any CPU = Debug|Any CPU
		Release|Any CPU = Release|Any CPU
	EndGlobalSection
	GlobalSection(ProjectConfigurationPlatforms) = postSolution
		{4A966B48-5578-486C-B485-A6D2AC75CF83}.Debug|Any CPU.ActiveCfg = Debug|Any CPU
		{4A966B48-5578-486C-B485-A6D2AC75CF83}.Debug|Any CPU.Build.0 = Debug|Any CPU
		{4A966B48-5578-486C-B485-A6D2AC75CF83}.Release|Any CPU.ActiveCfg = Release|Any CPU
		{4A966B48-5578-486C-B485-A6D2AC75CF83}.Release|Any CPU.Build.0 = Release|Any CPU
		{D8DE94BF-8135-4A21-BE4F-AA41EEABA0DA}.Debug|Any CPU.ActiveCfg = Debug|Any CPU
		{D8DE94BF-8135-4A21-BE4F-AA41EEABA0DA}.Debug|Any CPU.Build.0 = Debug|Any CPU
		{D8DE94BF-8135-4A21-BE4F-AA41EEABA0DA}.Release|Any CPU.ActiveCfg = Release|Any CPU
		{D8DE94BF-8135-4A21-BE4F-AA41EEABA0DA}.Release|Any CPU.Build.0 = Release|Any CPU
		{27AD9C79-067B-419A-B483-F44A68FA8B06}.Debug|Any CPU.ActiveCfg = Debug|Any CPU
		{27AD9C79-067B-419A-B483-F44A68FA8B06}.Debug|Any CPU.Build.0 = Debug|Any CPU
		{27AD9C79-067B-419A-B483-F44A68FA8B06}.Release|Any CPU.ActiveCfg = Release|Any CPU
		{27AD9C79-067B-419A-B483-F44A68FA8B06}.Release|Any CPU.Build.0 = Release|Any CPU
	EndGlobalSection
	GlobalSection(SolutionProperties) = preSolution
		HideSolutionNode = FALSE
	EndGlobalSection
	GlobalSection(NestedProjects) = preSolution
		{D8DE94BF-8135-4A21-BE4F-AA41EEABA0DA} = {BA728EE5-5B69-4FC1-A5A7-3FFB7DF72B8D}
		{27AD9C79-067B-419A-B483-F44A68FA8B06} = {BA728EE5-5B69-4FC1-A5A7-3FFB7DF72B8D}
	EndGlobalSection
	GlobalSection(ExtensibilityGlobals) = postSolution
		SolutionGuid = {3BA6E7B3-424B-412C-B4D5-7A2D9765E1DF}
	EndGlobalSection
EndGlobal
